
Microsoft Visual Studio Solution File, Format Version 12.00
# Visual Studio Version 17
VisualStudioVersion = 17.13.35931.197
MinimumVisualStudioVersion = 10.0.40219.1
Project("{FAE04EC0-301F-11D3-BF4B-00C04F79EFBC}") = "MySteamLibrary", "MySteamLibrary\MySteamLibrary.csproj", "{D2B924E6-0C7A-47CE-AAF1-7989B2A6C07F}"
EndProject
Global
	GlobalSection(SolutionConfigurationPlatforms) = preSolution
		Debug|Any CPU = Debug|Any CPU
		Release|Any CPU = Release|Any CPU
	EndGlobalSection
	GlobalSection(ProjectConfigurationPlatforms) = postSolution
		{D2B924E6-0C7A-47CE-AAF1-7989B2A6C07F}.Debug|Any CPU.ActiveCfg = Debug|Any CPU
		{D2B924E6-0C7A-47CE-AAF1-7989B2A6C07F}.Debug|Any CPU.Build.0 = Debug|Any CPU
		{D2B924E6-0C7A-47CE-AAF1-7989B2A6C07F}.Release|Any CPU.ActiveCfg = Release|Any CPU
		{D2B924E6-0C7A-47CE-AAF1-7989B2A6C07F}.Release|Any CPU.Build.0 = Release|Any CPU
	EndGlobalSection
	GlobalSection(SolutionProperties) = preSolution
		HideSolutionNode = FALSE
	EndGlobalSection
	GlobalSection(ExtensibilityGlobals) = postSolution
		SolutionGuid = {E51ED1A3-D3CB-41FF-A397-75CF0303531C}
	EndGlobalSection
EndGlobal
